// !$*UTF8*$!
{
	archiveVersion = 1;
	classes = {
	};
	objectVersion = 50;
	objects = {

/* Begin PBXBuildFile section */
		B039DEBF23FCA74C006CE8DA /* Board.swift in Sources */ = {isa = PBXBuildFile; fileRef = B039DEBD23FCA74C006CE8DA /* Board.swift */; };
		B039DEC023FCA74C006CE8DA /* QueensSolver.swift in Sources */ = {isa = PBXBuildFile; fileRef = B039DEBE23FCA74C006CE8DA /* QueensSolver.swift */; };
		B039DEC923FF538B006CE8DA /* CustomPriorityQueue.swift in Sources */ = {isa = PBXBuildFile; fileRef = B039DEC823FF538B006CE8DA /* CustomPriorityQueue.swift */; };
		B039DECC2400843C006CE8DA /* getParent.swift in Sources */ = {isa = PBXBuildFile; fileRef = B039DECB2400843C006CE8DA /* getParent.swift */; };
		B039DECE2400996C006CE8DA /* longestDiameter.swift in Sources */ = {isa = PBXBuildFile; fileRef = B039DECD2400996C006CE8DA /* longestDiameter.swift */; };
		B039DED02400B0F7006CE8DA /* testTreeQuiz.swift in Sources */ = {isa = PBXBuildFile; fileRef = B039DECF2400B0F7006CE8DA /* testTreeQuiz.swift */; };
		B039DED42401B30E006CE8DA /* TreeTraversal.swift in Sources */ = {isa = PBXBuildFile; fileRef = B039DED32401B30E006CE8DA /* TreeTraversal.swift */; };
		B039DED62401BC9F006CE8DA /* getSortedElements.swift in Sources */ = {isa = PBXBuildFile; fileRef = B039DED52401BC9F006CE8DA /* getSortedElements.swift */; };
		B039DED82401BD93006CE8DA /* getPatternFromText.swift in Sources */ = {isa = PBXBuildFile; fileRef = B039DED72401BD93006CE8DA /* getPatternFromText.swift */; };
		B039DEDB2401FEFC006CE8DA /* getLowestCommonAncestor.swift in Sources */ = {isa = PBXBuildFile; fileRef = B039DEDA2401FEFC006CE8DA /* getLowestCommonAncestor.swift */; };
		B039DEDE2404A416006CE8DA /* bfs.swift in Sources */ = {isa = PBXBuildFile; fileRef = B039DEDD2404A416006CE8DA /* bfs.swift */; };
		B04CCDF623F60D3300F039B8 /* Sorting.swift in Sources */ = {isa = PBXBuildFile; fileRef = B04CCDF523F60D3300F039B8 /* Sorting.swift */; };
		B04CCDF923F6152A00F039B8 /* showFIlesAndDirectories.swift in Sources */ = {isa = PBXBuildFile; fileRef = B04CCDF823F6152A00F039B8 /* showFIlesAndDirectories.swift */; };
		B04CCDFC23F74DAC00F039B8 /* BackTracking.swift in Sources */ = {isa = PBXBuildFile; fileRef = B04CCDFB23F74DAC00F039B8 /* BackTracking.swift */; };
		B08C804923F4B0F1002A12AA /* exercise_permutation.swift in Sources */ = {isa = PBXBuildFile; fileRef = B08C804823F4B0F1002A12AA /* exercise_permutation.swift */; };
		B08C804C23F4C1EF002A12AA /* Bag.swift in Sources */ = {isa = PBXBuildFile; fileRef = B08C804B23F4C1EF002A12AA /* Bag.swift */; };
		B08C804E23F4C20E002A12AA /* Queue.swift in Sources */ = {isa = PBXBuildFile; fileRef = B08C804D23F4C20E002A12AA /* Queue.swift */; };
		B08C805023F4C223002A12AA /* Stack.swift in Sources */ = {isa = PBXBuildFile; fileRef = B08C804F23F4C223002A12AA /* Stack.swift */; };
		B0D4297923F21FE40092108D /* main.swift in Sources */ = {isa = PBXBuildFile; fileRef = B0D4297823F21FE40092108D /* main.swift */; };
		B0D4298123F2208E0092108D /* Searching.swift in Sources */ = {isa = PBXBuildFile; fileRef = B0D4298023F2208E0092108D /* Searching.swift */; };
		B0D4298423F37CFE0092108D /* Recursion.swift in Sources */ = {isa = PBXBuildFile; fileRef = B0D4298323F37CFE0092108D /* Recursion.swift */; };
		B0D4298623F3D9FB0092108D /* String+DPStringTool.swift in Sources */ = {isa = PBXBuildFile; fileRef = B0D4298523F3D9FB0092108D /* String+DPStringTool.swift */; };
		B0F959642405C98400D18466 /* dfs.swift in Sources */ = {isa = PBXBuildFile; fileRef = B0F959632405C98400D18466 /* dfs.swift */; };
		B0F959672405F81E00D18466 /* UF.swift in Sources */ = {isa = PBXBuildFile; fileRef = B0F959662405F81E00D18466 /* UF.swift */; };
		B0F959692407864000D18466 /* sushiReview.swift in Sources */ = {isa = PBXBuildFile; fileRef = B0F959682407864000D18466 /* sushiReview.swift */; };
		B0F9596C2407B3AE00D18466 /* problemSet2.swift in Sources */ = {isa = PBXBuildFile; fileRef = B0F9596B2407B3AE00D18466 /* problemSet2.swift */; };
		B0F9597224086E2800D18466 /* getNumberOfTown.swift in Sources */ = {isa = PBXBuildFile; fileRef = B0F9597124086E2800D18466 /* getNumberOfTown.swift */; };
		B0F959742408797F00D18466 /* getNumberOfIslands.swift in Sources */ = {isa = PBXBuildFile; fileRef = B0F959732408797F00D18466 /* getNumberOfIslands.swift */; };
		B0F959762408833800D18466 /* getStepsToEscapeFromMaze.swift in Sources */ = {isa = PBXBuildFile; fileRef = B0F959752408833800D18466 /* getStepsToEscapeFromMaze.swift */; };
		B0F9597824088D9700D18466 /* tomatoFarm.swift in Sources */ = {isa = PBXBuildFile; fileRef = B0F9597724088D9700D18466 /* tomatoFarm.swift */; };
/* End PBXBuildFile section */

/* Begin PBXCopyFilesBuildPhase section */
		B0D4297323F21FE40092108D /* CopyFiles */ = {
			isa = PBXCopyFilesBuildPhase;
			buildActionMask = 2147483647;
			dstPath = /usr/share/man/man1/;
			dstSubfolderSpec = 0;
			files = (
			);
			runOnlyForDeploymentPostprocessing = 1;
		};
/* End PBXCopyFilesBuildPhase section */

/* Begin PBXFileReference section */
		B039DEBD23FCA74C006CE8DA /* Board.swift */ = {isa = PBXFileReference; fileEncoding = 4; lastKnownFileType = sourcecode.swift; path = Board.swift; sourceTree = "<group>"; };
		B039DEBE23FCA74C006CE8DA /* QueensSolver.swift */ = {isa = PBXFileReference; fileEncoding = 4; lastKnownFileType = sourcecode.swift; path = QueensSolver.swift; sourceTree = "<group>"; };
		B039DEC823FF538B006CE8DA /* CustomPriorityQueue.swift */ = {isa = PBXFileReference; lastKnownFileType = sourcecode.swift; path = CustomPriorityQueue.swift; sourceTree = "<group>"; };
		B039DECB2400843C006CE8DA /* getParent.swift */ = {isa = PBXFileReference; lastKnownFileType = sourcecode.swift; path = getParent.swift; sourceTree = "<group>"; };
		B039DECD2400996C006CE8DA /* longestDiameter.swift */ = {isa = PBXFileReference; lastKnownFileType = sourcecode.swift; path = longestDiameter.swift; sourceTree = "<group>"; };
		B039DECF2400B0F7006CE8DA /* testTreeQuiz.swift */ = {isa = PBXFileReference; lastKnownFileType = sourcecode.swift; path = testTreeQuiz.swift; sourceTree = "<group>"; };
		B039DED12400B1DC006CE8DA /* Test Cases */ = {isa = PBXFileReference; lastKnownFileType = folder; path = "Test Cases"; sourceTree = "<group>"; };
		B039DED32401B30E006CE8DA /* TreeTraversal.swift */ = {isa = PBXFileReference; lastKnownFileType = sourcecode.swift; path = TreeTraversal.swift; sourceTree = "<group>"; };
		B039DED52401BC9F006CE8DA /* getSortedElements.swift */ = {isa = PBXFileReference; lastKnownFileType = sourcecode.swift; path = getSortedElements.swift; sourceTree = "<group>"; };
		B039DED72401BD93006CE8DA /* getPatternFromText.swift */ = {isa = PBXFileReference; lastKnownFileType = sourcecode.swift; path = getPatternFromText.swift; sourceTree = "<group>"; };
		B039DEDA2401FEFC006CE8DA /* getLowestCommonAncestor.swift */ = {isa = PBXFileReference; lastKnownFileType = sourcecode.swift; path = getLowestCommonAncestor.swift; sourceTree = "<group>"; };
		B039DEDD2404A416006CE8DA /* bfs.swift */ = {isa = PBXFileReference; lastKnownFileType = sourcecode.swift; path = bfs.swift; sourceTree = "<group>"; };
		B04CCDF523F60D3300F039B8 /* Sorting.swift */ = {isa = PBXFileReference; lastKnownFileType = sourcecode.swift; path = Sorting.swift; sourceTree = "<group>"; };
		B04CCDF823F6152A00F039B8 /* showFIlesAndDirectories.swift */ = {isa = PBXFileReference; lastKnownFileType = sourcecode.swift; path = showFIlesAndDirectories.swift; sourceTree = "<group>"; };
		B04CCDFB23F74DAC00F039B8 /* BackTracking.swift */ = {isa = PBXFileReference; lastKnownFileType = sourcecode.swift; path = BackTracking.swift; sourceTree = "<group>"; };
		B08C804823F4B0F1002A12AA /* exercise_permutation.swift */ = {isa = PBXFileReference; lastKnownFileType = sourcecode.swift; path = exercise_permutation.swift; sourceTree = "<group>"; };
		B08C804B23F4C1EF002A12AA /* Bag.swift */ = {isa = PBXFileReference; lastKnownFileType = sourcecode.swift; path = Bag.swift; sourceTree = "<group>"; };
		B08C804D23F4C20E002A12AA /* Queue.swift */ = {isa = PBXFileReference; lastKnownFileType = sourcecode.swift; path = Queue.swift; sourceTree = "<group>"; };
		B08C804F23F4C223002A12AA /* Stack.swift */ = {isa = PBXFileReference; lastKnownFileType = sourcecode.swift; path = Stack.swift; sourceTree = "<group>"; };
		B0D4297523F21FE40092108D /* SwiftAlgorithm */ = {isa = PBXFileReference; explicitFileType = "compiled.mach-o.executable"; includeInIndex = 0; path = SwiftAlgorithm; sourceTree = BUILT_PRODUCTS_DIR; };
		B0D4297823F21FE40092108D /* main.swift */ = {isa = PBXFileReference; lastKnownFileType = sourcecode.swift; path = main.swift; sourceTree = "<group>"; };
		B0D4298023F2208E0092108D /* Searching.swift */ = {isa = PBXFileReference; lastKnownFileType = sourcecode.swift; path = Searching.swift; sourceTree = "<group>"; };
		B0D4298323F37CFE0092108D /* Recursion.swift */ = {isa = PBXFileReference; lastKnownFileType = sourcecode.swift; path = Recursion.swift; sourceTree = "<group>"; };
		B0D4298523F3D9FB0092108D /* String+DPStringTool.swift */ = {isa = PBXFileReference; fileEncoding = 4; lastKnownFileType = sourcecode.swift; path = "String+DPStringTool.swift"; sourceTree = "<group>"; };
		B0F959632405C98400D18466 /* dfs.swift */ = {isa = PBXFileReference; lastKnownFileType = sourcecode.swift; path = dfs.swift; sourceTree = "<group>"; };
		B0F959662405F81E00D18466 /* UF.swift */ = {isa = PBXFileReference; fileEncoding = 4; lastKnownFileType = sourcecode.swift; path = UF.swift; sourceTree = "<group>"; };
		B0F959682407864000D18466 /* sushiReview.swift */ = {isa = PBXFileReference; lastKnownFileType = sourcecode.swift; path = sushiReview.swift; sourceTree = "<group>"; };
		B0F9596A2407A25300D18466 /* TestCases */ = {isa = PBXFileReference; lastKnownFileType = folder; path = TestCases; sourceTree = "<group>"; };
		B0F9596B2407B3AE00D18466 /* problemSet2.swift */ = {isa = PBXFileReference; lastKnownFileType = sourcecode.swift; path = problemSet2.swift; sourceTree = "<group>"; };
		B0F9596F24086B4400D18466 /* LCATestCases */ = {isa = PBXFileReference; lastKnownFileType = folder; path = LCATestCases; sourceTree = "<group>"; };
		B0F9597124086E2800D18466 /* getNumberOfTown.swift */ = {isa = PBXFileReference; lastKnownFileType = sourcecode.swift; path = getNumberOfTown.swift; sourceTree = "<group>"; };
		B0F959732408797F00D18466 /* getNumberOfIslands.swift */ = {isa = PBXFileReference; lastKnownFileType = sourcecode.swift; path = getNumberOfIslands.swift; sourceTree = "<group>"; };
		B0F959752408833800D18466 /* getStepsToEscapeFromMaze.swift */ = {isa = PBXFileReference; lastKnownFileType = sourcecode.swift; path = getStepsToEscapeFromMaze.swift; sourceTree = "<group>"; };
		B0F9597724088D9700D18466 /* tomatoFarm.swift */ = {isa = PBXFileReference; lastKnownFileType = sourcecode.swift; path = tomatoFarm.swift; sourceTree = "<group>"; };
/* End PBXFileReference section */

/* Begin PBXFrameworksBuildPhase section */
		B0D4297223F21FE40092108D /* Frameworks */ = {
			isa = PBXFrameworksBuildPhase;
			buildActionMask = 2147483647;
			files = (
			);
			runOnlyForDeploymentPostprocessing = 0;
		};
/* End PBXFrameworksBuildPhase section */

/* Begin PBXGroup section */
		B039DEBC23FCA73B006CE8DA /* MiniProject2 */ = {
			isa = PBXGroup;
			children = (
				B039DEBD23FCA74C006CE8DA /* Board.swift */,
				B039DEBE23FCA74C006CE8DA /* QueensSolver.swift */,
			);
			path = MiniProject2;
			sourceTree = "<group>";
		};
		B039DEC123FCAAC6006CE8DA /* GroupPresentation1 */ = {
			isa = PBXGroup;
			children = (
				B039DEC823FF538B006CE8DA /* CustomPriorityQueue.swift */,
				B039DED52401BC9F006CE8DA /* getSortedElements.swift */,
				B039DED72401BD93006CE8DA /* getPatternFromText.swift */,
			);
			path = GroupPresentation1;
			sourceTree = "<group>";
		};
		B039DECA24008419006CE8DA /* TreeQuiz */ = {
			isa = PBXGroup;
			children = (
				B039DECB2400843C006CE8DA /* getParent.swift */,
				B039DECD2400996C006CE8DA /* longestDiameter.swift */,
				B039DED12400B1DC006CE8DA /* Test Cases */,
				B039DECF2400B0F7006CE8DA /* testTreeQuiz.swift */,
			);
			path = TreeQuiz;
			sourceTree = "<group>";
		};
		B039DED22401B2F7006CE8DA /* Tree */ = {
			isa = PBXGroup;
			children = (
				B039DED32401B30E006CE8DA /* TreeTraversal.swift */,
			);
			path = Tree;
			sourceTree = "<group>";
		};
		B039DED92401FEC2006CE8DA /* LowestCommonAncestor */ = {
			isa = PBXGroup;
			children = (
				B0F9596F24086B4400D18466 /* LCATestCases */,
				B039DEDA2401FEFC006CE8DA /* getLowestCommonAncestor.swift */,
			);
			path = LowestCommonAncestor;
			sourceTree = "<group>";
		};
		B039DEDC2404A3F7006CE8DA /* Graph */ = {
			isa = PBXGroup;
			children = (
				B039DEDD2404A416006CE8DA /* bfs.swift */,
				B0F959632405C98400D18466 /* dfs.swift */,
				B0F9596B2407B3AE00D18466 /* problemSet2.swift */,
				B0F959682407864000D18466 /* sushiReview.swift */,
				B0F9596A2407A25300D18466 /* TestCases */,
			);
			path = Graph;
			sourceTree = "<group>";
		};
		B04CCDF723F614FF00F039B8 /* MiniProject1 */ = {
			isa = PBXGroup;
			children = (
				B04CCDF823F6152A00F039B8 /* showFIlesAndDirectories.swift */,
			);
			path = MiniProject1;
			sourceTree = "<group>";
		};
		B04CCDFA23F74D9800F039B8 /* Backtracking */ = {
			isa = PBXGroup;
			children = (
				B04CCDFB23F74DAC00F039B8 /* BackTracking.swift */,
			);
			path = Backtracking;
			sourceTree = "<group>";
		};
		B08C804A23F4C1D9002A12AA /* DataStructures1 */ = {
			isa = PBXGroup;
			children = (
				B08C804B23F4C1EF002A12AA /* Bag.swift */,
				B08C804D23F4C20E002A12AA /* Queue.swift */,
				B08C804F23F4C223002A12AA /* Stack.swift */,
			);
			path = DataStructures1;
			sourceTree = "<group>";
		};
		B0D4296C23F21FE40092108D = {
			isa = PBXGroup;
			children = (
				B0D4297723F21FE40092108D /* SwiftAlgorithm */,
				B0D4297623F21FE40092108D /* Products */,
			);
			sourceTree = "<group>";
		};
		B0D4297623F21FE40092108D /* Products */ = {
			isa = PBXGroup;
			children = (
				B0D4297523F21FE40092108D /* SwiftAlgorithm */,
			);
			name = Products;
			sourceTree = "<group>";
		};
		B0D4297723F21FE40092108D /* SwiftAlgorithm */ = {
			isa = PBXGroup;
			children = (
				B0F959652405F80B00D18466 /* UnionFind */,
				B039DEDC2404A3F7006CE8DA /* Graph */,
				B039DED92401FEC2006CE8DA /* LowestCommonAncestor */,
				B039DED22401B2F7006CE8DA /* Tree */,
				B039DECA24008419006CE8DA /* TreeQuiz */,
				B039DEC123FCAAC6006CE8DA /* GroupPresentation1 */,
				B039DEBC23FCA73B006CE8DA /* MiniProject2 */,
				B04CCDFA23F74D9800F039B8 /* Backtracking */,
				B04CCDF723F614FF00F039B8 /* MiniProject1 */,
				B08C804A23F4C1D9002A12AA /* DataStructures1 */,
				B0D4298223F37CD10092108D /* Recursion */,
				B0D4297F23F220590092108D /* SearchingAndSorting */,
				B0D4297823F21FE40092108D /* main.swift */,
				B0D4298523F3D9FB0092108D /* String+DPStringTool.swift */,
			);
			path = SwiftAlgorithm;
			sourceTree = "<group>";
		};
		B0D4297F23F220590092108D /* SearchingAndSorting */ = {
			isa = PBXGroup;
			children = (
				B0D4298023F2208E0092108D /* Searching.swift */,
				B04CCDF523F60D3300F039B8 /* Sorting.swift */,
			);
			path = SearchingAndSorting;
			sourceTree = "<group>";
		};
		B0D4298223F37CD10092108D /* Recursion */ = {
			isa = PBXGroup;
			children = (
				B0D4298323F37CFE0092108D /* Recursion.swift */,
				B08C804823F4B0F1002A12AA /* exercise_permutation.swift */,
			);
			path = Recursion;
			sourceTree = "<group>";
		};
		B0F959652405F80B00D18466 /* UnionFind */ = {
			isa = PBXGroup;
			children = (
				B0F9597024086E0000D18466 /* FloodFill */,
				B0F959662405F81E00D18466 /* UF.swift */,
			);
			path = UnionFind;
			sourceTree = "<group>";
		};
		B0F9597024086E0000D18466 /* FloodFill */ = {
			isa = PBXGroup;
			children = (
				B0F9597124086E2800D18466 /* getNumberOfTown.swift */,
				B0F959732408797F00D18466 /* getNumberOfIslands.swift */,
				B0F959752408833800D18466 /* getStepsToEscapeFromMaze.swift */,
				B0F9597724088D9700D18466 /* tomatoFarm.swift */,
			);
			path = FloodFill;
			sourceTree = "<group>";
		};
/* End PBXGroup section */

/* Begin PBXNativeTarget section */
		B0D4297423F21FE40092108D /* SwiftAlgorithm */ = {
			isa = PBXNativeTarget;
			buildConfigurationList = B0D4297C23F21FE50092108D /* Build configuration list for PBXNativeTarget "SwiftAlgorithm" */;
			buildPhases = (
				B0D4297123F21FE40092108D /* Sources */,
				B0D4297223F21FE40092108D /* Frameworks */,
				B0D4297323F21FE40092108D /* CopyFiles */,
			);
			buildRules = (
			);
			dependencies = (
			);
			name = SwiftAlgorithm;
			productName = SwiftAlgorithm;
			productReference = B0D4297523F21FE40092108D /* SwiftAlgorithm */;
			productType = "com.apple.product-type.tool";
		};
/* End PBXNativeTarget section */

/* Begin PBXProject section */
		B0D4296D23F21FE40092108D /* Project object */ = {
			isa = PBXProject;
			attributes = {
				LastSwiftUpdateCheck = 1130;
				LastUpgradeCheck = 1130;
				ORGANIZATIONNAME = "Naoki Mita";
				TargetAttributes = {
					B0D4297423F21FE40092108D = {
						CreatedOnToolsVersion = 11.3.1;
					};
				};
			};
			buildConfigurationList = B0D4297023F21FE40092108D /* Build configuration list for PBXProject "SwiftAlgorithm" */;
			compatibilityVersion = "Xcode 9.3";
			developmentRegion = en;
			hasScannedForEncodings = 0;
			knownRegions = (
				en,
				Base,
			);
			mainGroup = B0D4296C23F21FE40092108D;
			productRefGroup = B0D4297623F21FE40092108D /* Products */;
			projectDirPath = "";
			projectRoot = "";
			targets = (
				B0D4297423F21FE40092108D /* SwiftAlgorithm */,
			);
		};
/* End PBXProject section */

/* Begin PBXSourcesBuildPhase section */
		B0D4297123F21FE40092108D /* Sources */ = {
			isa = PBXSourcesBuildPhase;
			buildActionMask = 2147483647;
			files = (
				B04CCDF923F6152A00F039B8 /* showFIlesAndDirectories.swift in Sources */,
				B0F959642405C98400D18466 /* dfs.swift in Sources */,
				B08C804923F4B0F1002A12AA /* exercise_permutation.swift in Sources */,
				B039DECC2400843C006CE8DA /* getParent.swift in Sources */,
				B039DEBF23FCA74C006CE8DA /* Board.swift in Sources */,
				B0F9597824088D9700D18466 /* tomatoFarm.swift in Sources */,
				B039DEC023FCA74C006CE8DA /* QueensSolver.swift in Sources */,
				B039DED02400B0F7006CE8DA /* testTreeQuiz.swift in Sources */,
				B04CCDFC23F74DAC00F039B8 /* BackTracking.swift in Sources */,
				B08C804E23F4C20E002A12AA /* Queue.swift in Sources */,
				B039DECE2400996C006CE8DA /* longestDiameter.swift in Sources */,
				B0D4298423F37CFE0092108D /* Recursion.swift in Sources */,
				B0F959742408797F00D18466 /* getNumberOfIslands.swift in Sources */,
				B039DED62401BC9F006CE8DA /* getSortedElements.swift in Sources */,
				B0F9596C2407B3AE00D18466 /* problemSet2.swift in Sources */,
				B039DED42401B30E006CE8DA /* TreeTraversal.swift in Sources */,
				B0D4298123F2208E0092108D /* Searching.swift in Sources */,
				B039DEDE2404A416006CE8DA /* bfs.swift in Sources */,
				B039DEDB2401FEFC006CE8DA /* getLowestCommonAncestor.swift in Sources */,
				B08C805023F4C223002A12AA /* Stack.swift in Sources */,
				B0D4297923F21FE40092108D /* main.swift in Sources */,
				B039DEC923FF538B006CE8DA /* CustomPriorityQueue.swift in Sources */,
				B0F9597224086E2800D18466 /* getNumberOfTown.swift in Sources */,
				B039DED82401BD93006CE8DA /* getPatternFromText.swift in Sources */,
				B04CCDF623F60D3300F039B8 /* Sorting.swift in Sources */,
				B0F959692407864000D18466 /* sushiReview.swift in Sources */,
				B0F959762408833800D18466 /* getStepsToEscapeFromMaze.swift in Sources */,
				B08C804C23F4C1EF002A12AA /* Bag.swift in Sources */,
				B0D4298623F3D9FB0092108D /* String+DPStringTool.swift in Sources */,
				B0F959672405F81E00D18466 /* UF.swift in Sources */,
			);
			runOnlyForDeploymentPostprocessing = 0;
		};
/* End PBXSourcesBuildPhase section */

/* Begin XCBuildConfiguration section */
		B0D4297A23F21FE50092108D /* Debug */ = {
			isa = XCBuildConfiguration;
			buildSettings = {
				ALWAYS_SEARCH_USER_PATHS = NO;
				CLANG_ANALYZER_NONNULL = YES;
				CLANG_ANALYZER_NUMBER_OBJECT_CONVERSION = YES_AGGRESSIVE;
				CLANG_CXX_LANGUAGE_STANDARD = "gnu++14";
				CLANG_CXX_LIBRARY = "libc++";
				CLANG_ENABLE_MODULES = YES;
				CLANG_ENABLE_OBJC_ARC = YES;
				CLANG_ENABLE_OBJC_WEAK = YES;
				CLANG_WARN_BLOCK_CAPTURE_AUTORELEASING = YES;
				CLANG_WARN_BOOL_CONVERSION = YES;
				CLANG_WARN_COMMA = YES;
				CLANG_WARN_CONSTANT_CONVERSION = YES;
				CLANG_WARN_DEPRECATED_OBJC_IMPLEMENTATIONS = YES;
				CLANG_WARN_DIRECT_OBJC_ISA_USAGE = YES_ERROR;
				CLANG_WARN_DOCUMENTATION_COMMENTS = YES;
				CLANG_WARN_EMPTY_BODY = YES;
				CLANG_WARN_ENUM_CONVERSION = YES;
				CLANG_WARN_INFINITE_RECURSION = YES;
				CLANG_WARN_INT_CONVERSION = YES;
				CLANG_WARN_NON_LITERAL_NULL_CONVERSION = YES;
				CLANG_WARN_OBJC_IMPLICIT_RETAIN_SELF = YES;
				CLANG_WARN_OBJC_LITERAL_CONVERSION = YES;
				CLANG_WARN_OBJC_ROOT_CLASS = YES_ERROR;
				CLANG_WARN_RANGE_LOOP_ANALYSIS = YES;
				CLANG_WARN_STRICT_PROTOTYPES = YES;
				CLANG_WARN_SUSPICIOUS_MOVE = YES;
				CLANG_WARN_UNGUARDED_AVAILABILITY = YES_AGGRESSIVE;
				CLANG_WARN_UNREACHABLE_CODE = YES;
				CLANG_WARN__DUPLICATE_METHOD_MATCH = YES;
				COPY_PHASE_STRIP = NO;
				DEBUG_INFORMATION_FORMAT = dwarf;
				ENABLE_STRICT_OBJC_MSGSEND = YES;
				ENABLE_TESTABILITY = YES;
				GCC_C_LANGUAGE_STANDARD = gnu11;
				GCC_DYNAMIC_NO_PIC = NO;
				GCC_NO_COMMON_BLOCKS = YES;
				GCC_OPTIMIZATION_LEVEL = 0;
				GCC_PREPROCESSOR_DEFINITIONS = (
					"DEBUG=1",
					"$(inherited)",
				);
				GCC_WARN_64_TO_32_BIT_CONVERSION = YES;
				GCC_WARN_ABOUT_RETURN_TYPE = YES_ERROR;
				GCC_WARN_UNDECLARED_SELECTOR = YES;
				GCC_WARN_UNINITIALIZED_AUTOS = YES_AGGRESSIVE;
				GCC_WARN_UNUSED_FUNCTION = YES;
				GCC_WARN_UNUSED_VARIABLE = YES;
				MACOSX_DEPLOYMENT_TARGET = 10.15;
				MTL_ENABLE_DEBUG_INFO = INCLUDE_SOURCE;
				MTL_FAST_MATH = YES;
				ONLY_ACTIVE_ARCH = YES;
				SDKROOT = macosx;
				SWIFT_ACTIVE_COMPILATION_CONDITIONS = DEBUG;
				SWIFT_OPTIMIZATION_LEVEL = "-Onone";
			};
			name = Debug;
		};
		B0D4297B23F21FE50092108D /* Release */ = {
			isa = XCBuildConfiguration;
			buildSettings = {
				ALWAYS_SEARCH_USER_PATHS = NO;
				CLANG_ANALYZER_NONNULL = YES;
				CLANG_ANALYZER_NUMBER_OBJECT_CONVERSION = YES_AGGRESSIVE;
				CLANG_CXX_LANGUAGE_STANDARD = "gnu++14";
				CLANG_CXX_LIBRARY = "libc++";
				CLANG_ENABLE_MODULES = YES;
				CLANG_ENABLE_OBJC_ARC = YES;
				CLANG_ENABLE_OBJC_WEAK = YES;
				CLANG_WARN_BLOCK_CAPTURE_AUTORELEASING = YES;
				CLANG_WARN_BOOL_CONVERSION = YES;
				CLANG_WARN_COMMA = YES;
				CLANG_WARN_CONSTANT_CONVERSION = YES;
				CLANG_WARN_DEPRECATED_OBJC_IMPLEMENTATIONS = YES;
				CLANG_WARN_DIRECT_OBJC_ISA_USAGE = YES_ERROR;
				CLANG_WARN_DOCUMENTATION_COMMENTS = YES;
				CLANG_WARN_EMPTY_BODY = YES;
				CLANG_WARN_ENUM_CONVERSION = YES;
				CLANG_WARN_INFINITE_RECURSION = YES;
				CLANG_WARN_INT_CONVERSION = YES;
				CLANG_WARN_NON_LITERAL_NULL_CONVERSION = YES;
				CLANG_WARN_OBJC_IMPLICIT_RETAIN_SELF = YES;
				CLANG_WARN_OBJC_LITERAL_CONVERSION = YES;
				CLANG_WARN_OBJC_ROOT_CLASS = YES_ERROR;
				CLANG_WARN_RANGE_LOOP_ANALYSIS = YES;
				CLANG_WARN_STRICT_PROTOTYPES = YES;
				CLANG_WARN_SUSPICIOUS_MOVE = YES;
				CLANG_WARN_UNGUARDED_AVAILABILITY = YES_AGGRESSIVE;
				CLANG_WARN_UNREACHABLE_CODE = YES;
				CLANG_WARN__DUPLICATE_METHOD_MATCH = YES;
				COPY_PHASE_STRIP = NO;
				DEBUG_INFORMATION_FORMAT = "dwarf-with-dsym";
				ENABLE_NS_ASSERTIONS = NO;
				ENABLE_STRICT_OBJC_MSGSEND = YES;
				GCC_C_LANGUAGE_STANDARD = gnu11;
				GCC_NO_COMMON_BLOCKS = YES;
				GCC_WARN_64_TO_32_BIT_CONVERSION = YES;
				GCC_WARN_ABOUT_RETURN_TYPE = YES_ERROR;
				GCC_WARN_UNDECLARED_SELECTOR = YES;
				GCC_WARN_UNINITIALIZED_AUTOS = YES_AGGRESSIVE;
				GCC_WARN_UNUSED_FUNCTION = YES;
				GCC_WARN_UNUSED_VARIABLE = YES;
				MACOSX_DEPLOYMENT_TARGET = 10.15;
				MTL_ENABLE_DEBUG_INFO = NO;
				MTL_FAST_MATH = YES;
				SDKROOT = macosx;
				SWIFT_COMPILATION_MODE = wholemodule;
				SWIFT_OPTIMIZATION_LEVEL = "-O";
			};
			name = Release;
		};
		B0D4297D23F21FE50092108D /* Debug */ = {
			isa = XCBuildConfiguration;
			buildSettings = {
				CODE_SIGN_STYLE = Automatic;
				DEVELOPMENT_TEAM = LXY3FP8CZ3;
				ENABLE_HARDENED_RUNTIME = YES;
				PRODUCT_NAME = "$(TARGET_NAME)";
				SWIFT_VERSION = 5.0;
			};
			name = Debug;
		};
		B0D4297E23F21FE50092108D /* Release */ = {
			isa = XCBuildConfiguration;
			buildSettings = {
				CODE_SIGN_STYLE = Automatic;
				DEVELOPMENT_TEAM = LXY3FP8CZ3;
				ENABLE_HARDENED_RUNTIME = YES;
				PRODUCT_NAME = "$(TARGET_NAME)";
				SWIFT_VERSION = 5.0;
			};
			name = Release;
		};
/* End XCBuildConfiguration section */

/* Begin XCConfigurationList section */
		B0D4297023F21FE40092108D /* Build configuration list for PBXProject "SwiftAlgorithm" */ = {
			isa = XCConfigurationList;
			buildConfigurations = (
				B0D4297A23F21FE50092108D /* Debug */,
				B0D4297B23F21FE50092108D /* Release */,
			);
			defaultConfigurationIsVisible = 0;
			defaultConfigurationName = Release;
		};
		B0D4297C23F21FE50092108D /* Build configuration list for PBXNativeTarget "SwiftAlgorithm" */ = {
			isa = XCConfigurationList;
			buildConfigurations = (
				B0D4297D23F21FE50092108D /* Debug */,
				B0D4297E23F21FE50092108D /* Release */,
			);
			defaultConfigurationIsVisible = 0;
			defaultConfigurationName = Release;
		};
/* End XCConfigurationList section */
	};
	rootObject = B0D4296D23F21FE40092108D /* Project object */;
}
